
Microsoft Visual Studio Solution File, Format Version 12.00
# Visual Studio 15
VisualStudioVersion = 15.0.28010.2048
MinimumVisualStudioVersion = 10.0.40219.1
Project("{FAE04EC0-301F-11D3-BF4B-00C04F79EFBC}") = "IO", "IO\IO.csproj", "{C764ABB7-AC22-4EA4-B87D-7BABAF33BE60}"
EndProject
Global
	GlobalSection(SolutionConfigurationPlatforms) = preSolution
		Debug|Any CPU = Debug|Any CPU
		Release|Any CPU = Release|Any CPU
	EndGlobalSection
	GlobalSection(ProjectConfigurationPlatforms) = postSolution
		{C764ABB7-AC22-4EA4-B87D-7BABAF33BE60}.Debug|Any CPU.ActiveCfg = Debug|Any CPU
		{C764ABB7-AC22-4EA4-B87D-7BABAF33BE60}.Debug|Any CPU.Build.0 = Debug|Any CPU
		{C764ABB7-AC22-4EA4-B87D-7BABAF33BE60}.Release|Any CPU.ActiveCfg = Release|Any CPU
		{C764ABB7-AC22-4EA4-B87D-7BABAF33BE60}.Release|Any CPU.Build.0 = Release|Any CPU
	EndGlobalSection
	GlobalSection(SolutionProperties) = preSolution
		HideSolutionNode = FALSE
	EndGlobalSection
	GlobalSection(ExtensibilityGlobals) = postSolution
		SolutionGuid = {EFB62F2E-A6A5-435F-91D0-FE191C6ADA44}
	EndGlobalSection
EndGlobal
