
Microsoft Visual Studio Solution File, Format Version 12.00
# Visual Studio 15
VisualStudioVersion = 15.0.28307.168
MinimumVisualStudioVersion = 10.0.40219.1
Project("{FAE04EC0-301F-11D3-BF4B-00C04F79EFBC}") = "String_Regex", "String_Regex\String_Regex.csproj", "{55B11CDD-D98F-4979-A5A4-ADF5C21A6111}"
EndProject
Global
	GlobalSection(SolutionConfigurationPlatforms) = preSolution
		Debug|Any CPU = Debug|Any CPU
		Release|Any CPU = Release|Any CPU
	EndGlobalSection
	GlobalSection(ProjectConfigurationPlatforms) = postSolution
		{55B11CDD-D98F-4979-A5A4-ADF5C21A6111}.Debug|Any CPU.ActiveCfg = Debug|Any CPU
		{55B11CDD-D98F-4979-A5A4-ADF5C21A6111}.Debug|Any CPU.Build.0 = Debug|Any CPU
		{55B11CDD-D98F-4979-A5A4-ADF5C21A6111}.Release|Any CPU.ActiveCfg = Release|Any CPU
		{55B11CDD-D98F-4979-A5A4-ADF5C21A6111}.Release|Any CPU.Build.0 = Release|Any CPU
	EndGlobalSection
	GlobalSection(SolutionProperties) = preSolution
		HideSolutionNode = FALSE
	EndGlobalSection
	GlobalSection(ExtensibilityGlobals) = postSolution
		SolutionGuid = {94DF4601-B3C7-4A2D-8F76-D99E8AEF2C70}
	EndGlobalSection
EndGlobal
